
Microsoft Visual Studio Solution File, Format Version 12.00
# Visual Studio Version 17
VisualStudioVersion = 17.12.35527.113
MinimumVisualStudioVersion = 10.0.40219.1
Project("{FAE04EC0-301F-11D3-BF4B-00C04F79EFBC}") = "QuanLyDichVuDuLich_API", "QuanLyDichVuDuLich_API\QuanLyDichVuDuLich_API.csproj", "{AF0ABF21-8D5F-49F3-AC87-11198154EE29}"
EndProject
Project("{FAE04EC0-301F-11D3-BF4B-00C04F79EFBC}") = "API_Gateway", "API_Gateway\API_Gateway.csproj", "{DA5108F5-3F23-497D-BB5A-D2BEA7505B3E}"
EndProject
Project("{FAE04EC0-301F-11D3-BF4B-00C04F79EFBC}") = "Models", "Models\Models.csproj", "{7DC561E6-B14B-4AF8-9B6D-7B9BF6E9CF61}"
EndProject
Project("{FAE04EC0-301F-11D3-BF4B-00C04F79EFBC}") = "DAL", "DAL\DAL.csproj", "{906EF86E-2A60-44B5-B01E-835781AA3102}"
EndProject
Project("{FAE04EC0-301F-11D3-BF4B-00C04F79EFBC}") = "BLL", "BLL\BLL.csproj", "{205CA76E-7D2C-422B-9F0D-FF244B43E2CD}"
EndProject
Project("{2150E333-8FDC-42A3-9474-1A3956D46DE8}") = "Solution Items", "Solution Items", "{1F532047-85F3-4280-9381-B6B32F8CC983}"
	ProjectSection(SolutionItems) = preProject
		.gitignore = .gitignore
	EndProjectSection
EndProject
Global
	GlobalSection(SolutionConfigurationPlatforms) = preSolution
		Debug|Any CPU = Debug|Any CPU
		Release|Any CPU = Release|Any CPU
	EndGlobalSection
	GlobalSection(ProjectConfigurationPlatforms) = postSolution
		{AF0ABF21-8D5F-49F3-AC87-11198154EE29}.Debug|Any CPU.ActiveCfg = Debug|Any CPU
		{AF0ABF21-8D5F-49F3-AC87-11198154EE29}.Debug|Any CPU.Build.0 = Debug|Any CPU
		{AF0ABF21-8D5F-49F3-AC87-11198154EE29}.Release|Any CPU.ActiveCfg = Release|Any CPU
		{AF0ABF21-8D5F-49F3-AC87-11198154EE29}.Release|Any CPU.Build.0 = Release|Any CPU
		{DA5108F5-3F23-497D-BB5A-D2BEA7505B3E}.Debug|Any CPU.ActiveCfg = Debug|Any CPU
		{DA5108F5-3F23-497D-BB5A-D2BEA7505B3E}.Debug|Any CPU.Build.0 = Debug|Any CPU
		{DA5108F5-3F23-497D-BB5A-D2BEA7505B3E}.Release|Any CPU.ActiveCfg = Release|Any CPU
		{DA5108F5-3F23-497D-BB5A-D2BEA7505B3E}.Release|Any CPU.Build.0 = Release|Any CPU
		{7DC561E6-B14B-4AF8-9B6D-7B9BF6E9CF61}.Debug|Any CPU.ActiveCfg = Debug|Any CPU
		{7DC561E6-B14B-4AF8-9B6D-7B9BF6E9CF61}.Debug|Any CPU.Build.0 = Debug|Any CPU
		{7DC561E6-B14B-4AF8-9B6D-7B9BF6E9CF61}.Release|Any CPU.ActiveCfg = Release|Any CPU
		{7DC561E6-B14B-4AF8-9B6D-7B9BF6E9CF61}.Release|Any CPU.Build.0 = Release|Any CPU
		{906EF86E-2A60-44B5-B01E-835781AA3102}.Debug|Any CPU.ActiveCfg = Debug|Any CPU
		{906EF86E-2A60-44B5-B01E-835781AA3102}.Debug|Any CPU.Build.0 = Debug|Any CPU
		{906EF86E-2A60-44B5-B01E-835781AA3102}.Release|Any CPU.ActiveCfg = Release|Any CPU
		{906EF86E-2A60-44B5-B01E-835781AA3102}.Release|Any CPU.Build.0 = Release|Any CPU
		{205CA76E-7D2C-422B-9F0D-FF244B43E2CD}.Debug|Any CPU.ActiveCfg = Debug|Any CPU
		{205CA76E-7D2C-422B-9F0D-FF244B43E2CD}.Debug|Any CPU.Build.0 = Debug|Any CPU
		{205CA76E-7D2C-422B-9F0D-FF244B43E2CD}.Release|Any CPU.ActiveCfg = Release|Any CPU
		{205CA76E-7D2C-422B-9F0D-FF244B43E2CD}.Release|Any CPU.Build.0 = Release|Any CPU
	EndGlobalSection
	GlobalSection(SolutionProperties) = preSolution
		HideSolutionNode = FALSE
	EndGlobalSection
EndGlobal
